
Microsoft Visual Studio Solution File, Format Version 12.00
# Visual Studio Version 17
VisualStudioVersion = 17.11.35312.102
MinimumVisualStudioVersion = 10.0.40219.1
Project("{FAE04EC0-301F-11D3-BF4B-00C04F79EFBC}") = "ASP.NET _web API Project", "ASP.NET _web API Project.csproj", "{2B8E1CCF-4699-4652-B679-75A316B7AB27}"
EndProject
Global
	GlobalSection(SolutionConfigurationPlatforms) = preSolution
		Debug|Any CPU = Debug|Any CPU
		Release|Any CPU = Release|Any CPU
	EndGlobalSection
	GlobalSection(ProjectConfigurationPlatforms) = postSolution
		{2B8E1CCF-4699-4652-B679-75A316B7AB27}.Debug|Any CPU.ActiveCfg = Debug|Any CPU
		{2B8E1CCF-4699-4652-B679-75A316B7AB27}.Debug|Any CPU.Build.0 = Debug|Any CPU
		{2B8E1CCF-4699-4652-B679-75A316B7AB27}.Release|Any CPU.ActiveCfg = Release|Any CPU
		{2B8E1CCF-4699-4652-B679-75A316B7AB27}.Release|Any CPU.Build.0 = Release|Any CPU
	EndGlobalSection
	GlobalSection(SolutionProperties) = preSolution
		HideSolutionNode = FALSE
	EndGlobalSection
	GlobalSection(ExtensibilityGlobals) = postSolution
		SolutionGuid = {D478B3BA-9405-4BED-8E72-2F6F1840C954}
	EndGlobalSection
EndGlobal
